// !$*UTF8*$!
{
	archiveVersion = 1;
	classes = {
	};
	objectVersion = 56;
	objects = {

/* Begin PBXBuildFile section */
		6A94C9302B91E07000851AA7 /* HiveV2App.swift in Sources */ = {isa = PBXBuildFile; fileRef = 6A94C92F2B91E07000851AA7 /* HiveV2App.swift */; };
		6A94C9322B91E07000851AA7 /* ContentView.swift in Sources */ = {isa = PBXBuildFile; fileRef = 6A94C9312B91E07000851AA7 /* ContentView.swift */; };
		6A94C9342B91E07100851AA7 /* Assets.xcassets in Resources */ = {isa = PBXBuildFile; fileRef = 6A94C9332B91E07100851AA7 /* Assets.xcassets */; };
		6A94C9372B91E07100851AA7 /* Preview Assets.xcassets in Resources */ = {isa = PBXBuildFile; fileRef = 6A94C9362B91E07100851AA7 /* Preview Assets.xcassets */; };
		6A94C9422B91E0B600851AA7 /* Tab.swift in Sources */ = {isa = PBXBuildFile; fileRef = 6A94C9412B91E0B600851AA7 /* Tab.swift */; };
		6A94C9452B91E27200851AA7 /* MainTabView.swift in Sources */ = {isa = PBXBuildFile; fileRef = 6A94C9442B91E27200851AA7 /* MainTabView.swift */; };
		6A94C9472B91E37B00851AA7 /* BottomSheetHelper.swift in Sources */ = {isa = PBXBuildFile; fileRef = 6A94C9462B91E37B00851AA7 /* BottomSheetHelper.swift */; };
		6A94C94A2B91EF2400851AA7 /* MessagesView.swift in Sources */ = {isa = PBXBuildFile; fileRef = 6A94C9492B91EF2400851AA7 /* MessagesView.swift */; };
		6A94C94F2B91F7BA00851AA7 /* ProfileView.swift in Sources */ = {isa = PBXBuildFile; fileRef = 6A94C94E2B91F7BA00851AA7 /* ProfileView.swift */; };
		6A94C9512B91F7BF00851AA7 /* EventsView.swift in Sources */ = {isa = PBXBuildFile; fileRef = 6A94C9502B91F7BF00851AA7 /* EventsView.swift */; };
		6A94C9532B91F7C400851AA7 /* PeopleView.swift in Sources */ = {isa = PBXBuildFile; fileRef = 6A94C9522B91F7C400851AA7 /* PeopleView.swift */; };
		6A94C9552B91F89200851AA7 /* ProfileBottomSheetView.swift in Sources */ = {isa = PBXBuildFile; fileRef = 6A94C9542B91F89200851AA7 /* ProfileBottomSheetView.swift */; };
		6A94C9572B91F89900851AA7 /* EventsBottomSheetView.swift in Sources */ = {isa = PBXBuildFile; fileRef = 6A94C9562B91F89900851AA7 /* EventsBottomSheetView.swift */; };
		6A94C9592B91F8A400851AA7 /* PeopleBottomSheetView.swift in Sources */ = {isa = PBXBuildFile; fileRef = 6A94C9582B91F8A400851AA7 /* PeopleBottomSheetView.swift */; };
		6A94C95B2B91F8AC00851AA7 /* MessagesBottomSheetView.swift in Sources */ = {isa = PBXBuildFile; fileRef = 6A94C95A2B91F8AC00851AA7 /* MessagesBottomSheetView.swift */; };
		6A94C9682B9353B000851AA7 /* CircularProfileImageView.swift in Sources */ = {isa = PBXBuildFile; fileRef = 6A94C9672B9353B000851AA7 /* CircularProfileImageView.swift */; };
/* End PBXBuildFile section */

/* Begin PBXFileReference section */
		6A94C92C2B91E07000851AA7 /* HiveV2.app */ = {isa = PBXFileReference; explicitFileType = wrapper.application; includeInIndex = 0; path = HiveV2.app; sourceTree = BUILT_PRODUCTS_DIR; };
		6A94C92F2B91E07000851AA7 /* HiveV2App.swift */ = {isa = PBXFileReference; lastKnownFileType = sourcecode.swift; path = HiveV2App.swift; sourceTree = "<group>"; };
		6A94C9312B91E07000851AA7 /* ContentView.swift */ = {isa = PBXFileReference; lastKnownFileType = sourcecode.swift; path = ContentView.swift; sourceTree = "<group>"; };
		6A94C9332B91E07100851AA7 /* Assets.xcassets */ = {isa = PBXFileReference; lastKnownFileType = folder.assetcatalog; path = Assets.xcassets; sourceTree = "<group>"; };
		6A94C9362B91E07100851AA7 /* Preview Assets.xcassets */ = {isa = PBXFileReference; lastKnownFileType = folder.assetcatalog; path = "Preview Assets.xcassets"; sourceTree = "<group>"; };
		6A94C9412B91E0B600851AA7 /* Tab.swift */ = {isa = PBXFileReference; lastKnownFileType = sourcecode.swift; path = Tab.swift; sourceTree = "<group>"; };
		6A94C9442B91E27200851AA7 /* MainTabView.swift */ = {isa = PBXFileReference; lastKnownFileType = sourcecode.swift; path = MainTabView.swift; sourceTree = "<group>"; };
		6A94C9462B91E37B00851AA7 /* BottomSheetHelper.swift */ = {isa = PBXFileReference; lastKnownFileType = sourcecode.swift; path = BottomSheetHelper.swift; sourceTree = "<group>"; };
		6A94C9492B91EF2400851AA7 /* MessagesView.swift */ = {isa = PBXFileReference; lastKnownFileType = sourcecode.swift; path = MessagesView.swift; sourceTree = "<group>"; };
		6A94C94E2B91F7BA00851AA7 /* ProfileView.swift */ = {isa = PBXFileReference; lastKnownFileType = sourcecode.swift; path = ProfileView.swift; sourceTree = "<group>"; };
		6A94C9502B91F7BF00851AA7 /* EventsView.swift */ = {isa = PBXFileReference; lastKnownFileType = sourcecode.swift; path = EventsView.swift; sourceTree = "<group>"; };
		6A94C9522B91F7C400851AA7 /* PeopleView.swift */ = {isa = PBXFileReference; lastKnownFileType = sourcecode.swift; path = PeopleView.swift; sourceTree = "<group>"; };
		6A94C9542B91F89200851AA7 /* ProfileBottomSheetView.swift */ = {isa = PBXFileReference; lastKnownFileType = sourcecode.swift; path = ProfileBottomSheetView.swift; sourceTree = "<group>"; };
		6A94C9562B91F89900851AA7 /* EventsBottomSheetView.swift */ = {isa = PBXFileReference; lastKnownFileType = sourcecode.swift; path = EventsBottomSheetView.swift; sourceTree = "<group>"; };
		6A94C9582B91F8A400851AA7 /* PeopleBottomSheetView.swift */ = {isa = PBXFileReference; lastKnownFileType = sourcecode.swift; path = PeopleBottomSheetView.swift; sourceTree = "<group>"; };
		6A94C95A2B91F8AC00851AA7 /* MessagesBottomSheetView.swift */ = {isa = PBXFileReference; lastKnownFileType = sourcecode.swift; path = MessagesBottomSheetView.swift; sourceTree = "<group>"; };
		6A94C9672B9353B000851AA7 /* CircularProfileImageView.swift */ = {isa = PBXFileReference; lastKnownFileType = sourcecode.swift; path = CircularProfileImageView.swift; sourceTree = "<group>"; };
/* End PBXFileReference section */

/* Begin PBXFrameworksBuildPhase section */
		6A94C9292B91E07000851AA7 /* Frameworks */ = {
			isa = PBXFrameworksBuildPhase;
			buildActionMask = 2147483647;
			files = (
			);
			runOnlyForDeploymentPostprocessing = 0;
		};
/* End PBXFrameworksBuildPhase section */

/* Begin PBXGroup section */
		6A94C9232B91E07000851AA7 = {
			isa = PBXGroup;
			children = (
				6A94C92E2B91E07000851AA7 /* HiveV2 */,
				6A94C92D2B91E07000851AA7 /* Products */,
			);
			sourceTree = "<group>";
		};
		6A94C92D2B91E07000851AA7 /* Products */ = {
			isa = PBXGroup;
			children = (
				6A94C92C2B91E07000851AA7 /* HiveV2.app */,
			);
			name = Products;
			sourceTree = "<group>";
		};
		6A94C92E2B91E07000851AA7 /* HiveV2 */ = {
			isa = PBXGroup;
			children = (
				6A94C9402B91E0A900851AA7 /* App */,
				6A94C9652B93509E00851AA7 /* Services */,
				6A94C93F2B91E08E00851AA7 /* Core */,
				6A94C93E2B91E08800851AA7 /* Helpers */,
				6A94C93D2B91E07F00851AA7 /* Models */,
				6A94C9662B93538C00851AA7 /* Shared */,
				6A94C9312B91E07000851AA7 /* ContentView.swift */,
				6A94C9332B91E07100851AA7 /* Assets.xcassets */,
				6A94C9352B91E07100851AA7 /* Preview Content */,
			);
			path = HiveV2;
			sourceTree = "<group>";
		};
		6A94C9352B91E07100851AA7 /* Preview Content */ = {
			isa = PBXGroup;
			children = (
				6A94C9362B91E07100851AA7 /* Preview Assets.xcassets */,
			);
			path = "Preview Content";
			sourceTree = "<group>";
		};
		6A94C93D2B91E07F00851AA7 /* Models */ = {
			isa = PBXGroup;
			children = (
				6A94C9412B91E0B600851AA7 /* Tab.swift */,
			);
			path = Models;
			sourceTree = "<group>";
		};
		6A94C93E2B91E08800851AA7 /* Helpers */ = {
			isa = PBXGroup;
			children = (
				6A94C9462B91E37B00851AA7 /* BottomSheetHelper.swift */,
			);
			path = Helpers;
			sourceTree = "<group>";
		};
		6A94C93F2B91E08E00851AA7 /* Core */ = {
			isa = PBXGroup;
			children = (
				6A94C94B2B91F7A700851AA7 /* People */,
				6A94C9482B91EF1000851AA7 /* Messages */,
				6A94C94C2B91F7AF00851AA7 /* Events */,
				6A94C94D2B91F7B300851AA7 /* Profile */,
				6A94C9432B91E25D00851AA7 /* TabView */,
			);
			path = Core;
			sourceTree = "<group>";
		};
		6A94C9402B91E0A900851AA7 /* App */ = {
			isa = PBXGroup;
			children = (
				6A94C92F2B91E07000851AA7 /* HiveV2App.swift */,
			);
			path = App;
			sourceTree = "<group>";
		};
		6A94C9432B91E25D00851AA7 /* TabView */ = {
			isa = PBXGroup;
			children = (
				6A94C9442B91E27200851AA7 /* MainTabView.swift */,
			);
			path = TabView;
			sourceTree = "<group>";
		};
		6A94C9482B91EF1000851AA7 /* Messages */ = {
			isa = PBXGroup;
			children = (
				6A94C9642B9346C600851AA7 /* View */,
				6A94C9632B9346C300851AA7 /* ViewModel */,
			);
			path = Messages;
			sourceTree = "<group>";
		};
		6A94C94B2B91F7A700851AA7 /* People */ = {
			isa = PBXGroup;
			children = (
				6A94C9622B9346C000851AA7 /* View */,
				6A94C9612B9346BC00851AA7 /* ViewModel */,
			);
			path = People;
			sourceTree = "<group>";
		};
		6A94C94C2B91F7AF00851AA7 /* Events */ = {
			isa = PBXGroup;
			children = (
				6A94C9602B9346B900851AA7 /* View */,
				6A94C95F2B9346B600851AA7 /* ViewModel */,
			);
			path = Events;
			sourceTree = "<group>";
		};
		6A94C94D2B91F7B300851AA7 /* Profile */ = {
			isa = PBXGroup;
			children = (
				6A94C95E2B9346B200851AA7 /* View */,
				6A94C95D2B9346AA00851AA7 /* ViewModel */,
			);
			path = Profile;
			sourceTree = "<group>";
		};
		6A94C95D2B9346AA00851AA7 /* ViewModel */ = {
			isa = PBXGroup;
			children = (
			);
			path = ViewModel;
			sourceTree = "<group>";
		};
		6A94C95E2B9346B200851AA7 /* View */ = {
			isa = PBXGroup;
			children = (
				6A94C9542B91F89200851AA7 /* ProfileBottomSheetView.swift */,
				6A94C94E2B91F7BA00851AA7 /* ProfileView.swift */,
			);
			path = View;
			sourceTree = "<group>";
		};
		6A94C95F2B9346B600851AA7 /* ViewModel */ = {
			isa = PBXGroup;
			children = (
			);
			path = ViewModel;
			sourceTree = "<group>";
		};
		6A94C9602B9346B900851AA7 /* View */ = {
			isa = PBXGroup;
			children = (
				6A94C9502B91F7BF00851AA7 /* EventsView.swift */,
				6A94C9562B91F89900851AA7 /* EventsBottomSheetView.swift */,
			);
			path = View;
			sourceTree = "<group>";
		};
		6A94C9612B9346BC00851AA7 /* ViewModel */ = {
			isa = PBXGroup;
			children = (
			);
			path = ViewModel;
			sourceTree = "<group>";
		};
		6A94C9622B9346C000851AA7 /* View */ = {
			isa = PBXGroup;
			children = (
				6A94C9522B91F7C400851AA7 /* PeopleView.swift */,
				6A94C9582B91F8A400851AA7 /* PeopleBottomSheetView.swift */,
			);
			path = View;
			sourceTree = "<group>";
		};
		6A94C9632B9346C300851AA7 /* ViewModel */ = {
			isa = PBXGroup;
			children = (
			);
			path = ViewModel;
			sourceTree = "<group>";
		};
		6A94C9642B9346C600851AA7 /* View */ = {
			isa = PBXGroup;
			children = (
				6A94C9492B91EF2400851AA7 /* MessagesView.swift */,
				6A94C95A2B91F8AC00851AA7 /* MessagesBottomSheetView.swift */,
			);
			path = View;
			sourceTree = "<group>";
		};
		6A94C9652B93509E00851AA7 /* Services */ = {
			isa = PBXGroup;
			children = (
			);
			path = Services;
			sourceTree = "<group>";
		};
		6A94C9662B93538C00851AA7 /* Shared */ = {
			isa = PBXGroup;
			children = (
				6A94C9672B9353B000851AA7 /* CircularProfileImageView.swift */,
			);
			path = Shared;
			sourceTree = "<group>";
		};
/* End PBXGroup section */

/* Begin PBXNativeTarget section */
		6A94C92B2B91E07000851AA7 /* HiveV2 */ = {
			isa = PBXNativeTarget;
			buildConfigurationList = 6A94C93A2B91E07100851AA7 /* Build configuration list for PBXNativeTarget "HiveV2" */;
			buildPhases = (
				6A94C9282B91E07000851AA7 /* Sources */,
				6A94C9292B91E07000851AA7 /* Frameworks */,
				6A94C92A2B91E07000851AA7 /* Resources */,
			);
			buildRules = (
			);
			dependencies = (
			);
			name = HiveV2;
			productName = HiveV2;
			productReference = 6A94C92C2B91E07000851AA7 /* HiveV2.app */;
			productType = "com.apple.product-type.application";
		};
/* End PBXNativeTarget section */

/* Begin PBXProject section */
		6A94C9242B91E07000851AA7 /* Project object */ = {
			isa = PBXProject;
			attributes = {
				BuildIndependentTargetsInParallel = 1;
				LastSwiftUpdateCheck = 1510;
				LastUpgradeCheck = 1510;
				TargetAttributes = {
					6A94C92B2B91E07000851AA7 = {
						CreatedOnToolsVersion = 15.1;
					};
				};
			};
			buildConfigurationList = 6A94C9272B91E07000851AA7 /* Build configuration list for PBXProject "HiveV2" */;
			compatibilityVersion = "Xcode 14.0";
			developmentRegion = en;
			hasScannedForEncodings = 0;
			knownRegions = (
				en,
				Base,
			);
			mainGroup = 6A94C9232B91E07000851AA7;
			productRefGroup = 6A94C92D2B91E07000851AA7 /* Products */;
			projectDirPath = "";
			projectRoot = "";
			targets = (
				6A94C92B2B91E07000851AA7 /* HiveV2 */,
			);
		};
/* End PBXProject section */

/* Begin PBXResourcesBuildPhase section */
		6A94C92A2B91E07000851AA7 /* Resources */ = {
			isa = PBXResourcesBuildPhase;
			buildActionMask = 2147483647;
			files = (
				6A94C9372B91E07100851AA7 /* Preview Assets.xcassets in Resources */,
				6A94C9342B91E07100851AA7 /* Assets.xcassets in Resources */,
			);
			runOnlyForDeploymentPostprocessing = 0;
		};
/* End PBXResourcesBuildPhase section */

/* Begin PBXSourcesBuildPhase section */
		6A94C9282B91E07000851AA7 /* Sources */ = {
			isa = PBXSourcesBuildPhase;
			buildActionMask = 2147483647;
			files = (
				6A94C9472B91E37B00851AA7 /* BottomSheetHelper.swift in Sources */,
				6A94C9422B91E0B600851AA7 /* Tab.swift in Sources */,
				6A94C9532B91F7C400851AA7 /* PeopleView.swift in Sources */,
				6A94C94A2B91EF2400851AA7 /* MessagesView.swift in Sources */,
				6A94C9512B91F7BF00851AA7 /* EventsView.swift in Sources */,
				6A94C9322B91E07000851AA7 /* ContentView.swift in Sources */,
				6A94C9302B91E07000851AA7 /* HiveV2App.swift in Sources */,
				6A94C9682B9353B000851AA7 /* CircularProfileImageView.swift in Sources */,
				6A94C9552B91F89200851AA7 /* ProfileBottomSheetView.swift in Sources */,
				6A94C95B2B91F8AC00851AA7 /* MessagesBottomSheetView.swift in Sources */,
				6A94C9592B91F8A400851AA7 /* PeopleBottomSheetView.swift in Sources */,
				6A94C94F2B91F7BA00851AA7 /* ProfileView.swift in Sources */,
				6A94C9452B91E27200851AA7 /* MainTabView.swift in Sources */,
				6A94C9572B91F89900851AA7 /* EventsBottomSheetView.swift in Sources */,
			);
			runOnlyForDeploymentPostprocessing = 0;
		};
/* End PBXSourcesBuildPhase section */

/* Begin XCBuildConfiguration section */
		6A94C9382B91E07100851AA7 /* Debug */ = {
			isa = XCBuildConfiguration;
			buildSettings = {
				ALWAYS_SEARCH_USER_PATHS = NO;
				ASSETCATALOG_COMPILER_GENERATE_SWIFT_ASSET_SYMBOL_EXTENSIONS = YES;
				CLANG_ANALYZER_NONNULL = YES;
				CLANG_ANALYZER_NUMBER_OBJECT_CONVERSION = YES_AGGRESSIVE;
				CLANG_CXX_LANGUAGE_STANDARD = "gnu++20";
				CLANG_ENABLE_MODULES = YES;
				CLANG_ENABLE_OBJC_ARC = YES;
				CLANG_ENABLE_OBJC_WEAK = YES;
				CLANG_WARN_BLOCK_CAPTURE_AUTORELEASING = YES;
				CLANG_WARN_BOOL_CONVERSION = YES;
				CLANG_WARN_COMMA = YES;
				CLANG_WARN_CONSTANT_CONVERSION = YES;
				CLANG_WARN_DEPRECATED_OBJC_IMPLEMENTATIONS = YES;
				CLANG_WARN_DIRECT_OBJC_ISA_USAGE = YES_ERROR;
				CLANG_WARN_DOCUMENTATION_COMMENTS = YES;
				CLANG_WARN_EMPTY_BODY = YES;
				CLANG_WARN_ENUM_CONVERSION = YES;
				CLANG_WARN_INFINITE_RECURSION = YES;
				CLANG_WARN_INT_CONVERSION = YES;
				CLANG_WARN_NON_LITERAL_NULL_CONVERSION = YES;
				CLANG_WARN_OBJC_IMPLICIT_RETAIN_SELF = YES;
				CLANG_WARN_OBJC_LITERAL_CONVERSION = YES;
				CLANG_WARN_OBJC_ROOT_CLASS = YES_ERROR;
				CLANG_WARN_QUOTED_INCLUDE_IN_FRAMEWORK_HEADER = YES;
				CLANG_WARN_RANGE_LOOP_ANALYSIS = YES;
				CLANG_WARN_STRICT_PROTOTYPES = YES;
				CLANG_WARN_SUSPICIOUS_MOVE = YES;
				CLANG_WARN_UNGUARDED_AVAILABILITY = YES_AGGRESSIVE;
				CLANG_WARN_UNREACHABLE_CODE = YES;
				CLANG_WARN__DUPLICATE_METHOD_MATCH = YES;
				COPY_PHASE_STRIP = NO;
				DEBUG_INFORMATION_FORMAT = dwarf;
				ENABLE_STRICT_OBJC_MSGSEND = YES;
				ENABLE_TESTABILITY = YES;
				ENABLE_USER_SCRIPT_SANDBOXING = YES;
				GCC_C_LANGUAGE_STANDARD = gnu17;
				GCC_DYNAMIC_NO_PIC = NO;
				GCC_NO_COMMON_BLOCKS = YES;
				GCC_OPTIMIZATION_LEVEL = 0;
				GCC_PREPROCESSOR_DEFINITIONS = (
					"DEBUG=1",
					"$(inherited)",
				);
				GCC_WARN_64_TO_32_BIT_CONVERSION = YES;
				GCC_WARN_ABOUT_RETURN_TYPE = YES_ERROR;
				GCC_WARN_UNDECLARED_SELECTOR = YES;
				GCC_WARN_UNINITIALIZED_AUTOS = YES_AGGRESSIVE;
				GCC_WARN_UNUSED_FUNCTION = YES;
				GCC_WARN_UNUSED_VARIABLE = YES;
				IPHONEOS_DEPLOYMENT_TARGET = 17.2;
				LOCALIZATION_PREFERS_STRING_CATALOGS = YES;
				MTL_ENABLE_DEBUG_INFO = INCLUDE_SOURCE;
				MTL_FAST_MATH = YES;
				ONLY_ACTIVE_ARCH = YES;
				SDKROOT = iphoneos;
				SWIFT_ACTIVE_COMPILATION_CONDITIONS = "DEBUG $(inherited)";
				SWIFT_OPTIMIZATION_LEVEL = "-Onone";
			};
			name = Debug;
		};
		6A94C9392B91E07100851AA7 /* Release */ = {
			isa = XCBuildConfiguration;
			buildSettings = {
				ALWAYS_SEARCH_USER_PATHS = NO;
				ASSETCATALOG_COMPILER_GENERATE_SWIFT_ASSET_SYMBOL_EXTENSIONS = YES;
				CLANG_ANALYZER_NONNULL = YES;
				CLANG_ANALYZER_NUMBER_OBJECT_CONVERSION = YES_AGGRESSIVE;
				CLANG_CXX_LANGUAGE_STANDARD = "gnu++20";
				CLANG_ENABLE_MODULES = YES;
				CLANG_ENABLE_OBJC_ARC = YES;
				CLANG_ENABLE_OBJC_WEAK = YES;
				CLANG_WARN_BLOCK_CAPTURE_AUTORELEASING = YES;
				CLANG_WARN_BOOL_CONVERSION = YES;
				CLANG_WARN_COMMA = YES;
				CLANG_WARN_CONSTANT_CONVERSION = YES;
				CLANG_WARN_DEPRECATED_OBJC_IMPLEMENTATIONS = YES;
				CLANG_WARN_DIRECT_OBJC_ISA_USAGE = YES_ERROR;
				CLANG_WARN_DOCUMENTATION_COMMENTS = YES;
				CLANG_WARN_EMPTY_BODY = YES;
				CLANG_WARN_ENUM_CONVERSION = YES;
				CLANG_WARN_INFINITE_RECURSION = YES;
				CLANG_WARN_INT_CONVERSION = YES;
				CLANG_WARN_NON_LITERAL_NULL_CONVERSION = YES;
				CLANG_WARN_OBJC_IMPLICIT_RETAIN_SELF = YES;
				CLANG_WARN_OBJC_LITERAL_CONVERSION = YES;
				CLANG_WARN_OBJC_ROOT_CLASS = YES_ERROR;
				CLANG_WARN_QUOTED_INCLUDE_IN_FRAMEWORK_HEADER = YES;
				CLANG_WARN_RANGE_LOOP_ANALYSIS = YES;
				CLANG_WARN_STRICT_PROTOTYPES = YES;
				CLANG_WARN_SUSPICIOUS_MOVE = YES;
				CLANG_WARN_UNGUARDED_AVAILABILITY = YES_AGGRESSIVE;
				CLANG_WARN_UNREACHABLE_CODE = YES;
				CLANG_WARN__DUPLICATE_METHOD_MATCH = YES;
				COPY_PHASE_STRIP = NO;
				DEBUG_INFORMATION_FORMAT = "dwarf-with-dsym";
				ENABLE_NS_ASSERTIONS = NO;
				ENABLE_STRICT_OBJC_MSGSEND = YES;
				ENABLE_USER_SCRIPT_SANDBOXING = YES;
				GCC_C_LANGUAGE_STANDARD = gnu17;
				GCC_NO_COMMON_BLOCKS = YES;
				GCC_WARN_64_TO_32_BIT_CONVERSION = YES;
				GCC_WARN_ABOUT_RETURN_TYPE = YES_ERROR;
				GCC_WARN_UNDECLARED_SELECTOR = YES;
				GCC_WARN_UNINITIALIZED_AUTOS = YES_AGGRESSIVE;
				GCC_WARN_UNUSED_FUNCTION = YES;
				GCC_WARN_UNUSED_VARIABLE = YES;
				IPHONEOS_DEPLOYMENT_TARGET = 17.2;
				LOCALIZATION_PREFERS_STRING_CATALOGS = YES;
				MTL_ENABLE_DEBUG_INFO = NO;
				MTL_FAST_MATH = YES;
				SDKROOT = iphoneos;
				SWIFT_COMPILATION_MODE = wholemodule;
				VALIDATE_PRODUCT = YES;
			};
			name = Release;
		};
		6A94C93B2B91E07100851AA7 /* Debug */ = {
			isa = XCBuildConfiguration;
			buildSettings = {
				ASSETCATALOG_COMPILER_APPICON_NAME = AppIcon;
				ASSETCATALOG_COMPILER_GLOBAL_ACCENT_COLOR_NAME = AccentColor;
				CODE_SIGN_STYLE = Automatic;
				CURRENT_PROJECT_VERSION = 1;
				DEVELOPMENT_ASSET_PATHS = "\"HiveV2/Preview Content\"";
				DEVELOPMENT_TEAM = ZF9S7JKBPL;
				ENABLE_PREVIEWS = YES;
				GENERATE_INFOPLIST_FILE = YES;
				INFOPLIST_KEY_UIApplicationSceneManifest_Generation = YES;
				INFOPLIST_KEY_UIApplicationSupportsIndirectInputEvents = YES;
				INFOPLIST_KEY_UILaunchScreen_Generation = YES;
				INFOPLIST_KEY_UISupportedInterfaceOrientations_iPad = "UIInterfaceOrientationPortrait UIInterfaceOrientationPortraitUpsideDown UIInterfaceOrientationLandscapeLeft UIInterfaceOrientationLandscapeRight";
				INFOPLIST_KEY_UISupportedInterfaceOrientations_iPhone = "UIInterfaceOrientationPortrait UIInterfaceOrientationLandscapeLeft UIInterfaceOrientationLandscapeRight";
				LD_RUNPATH_SEARCH_PATHS = (
					"$(inherited)",
					"@executable_path/Frameworks",
				);
				MARKETING_VERSION = 1.0;
				PRODUCT_BUNDLE_IDENTIFIER = com.aussiebros.HiveV2;
				PRODUCT_NAME = "$(TARGET_NAME)";
				SWIFT_EMIT_LOC_STRINGS = YES;
				SWIFT_VERSION = 5.0;
				TARGETED_DEVICE_FAMILY = "1,2";
			};
			name = Debug;
		};
		6A94C93C2B91E07100851AA7 /* Release */ = {
			isa = XCBuildConfiguration;
			buildSettings = {
				ASSETCATALOG_COMPILER_APPICON_NAME = AppIcon;
				ASSETCATALOG_COMPILER_GLOBAL_ACCENT_COLOR_NAME = AccentColor;
				CODE_SIGN_STYLE = Automatic;
				CURRENT_PROJECT_VERSION = 1;
				DEVELOPMENT_ASSET_PATHS = "\"HiveV2/Preview Content\"";
				DEVELOPMENT_TEAM = ZF9S7JKBPL;
				ENABLE_PREVIEWS = YES;
				GENERATE_INFOPLIST_FILE = YES;
				INFOPLIST_KEY_UIApplicationSceneManifest_Generation = YES;
				INFOPLIST_KEY_UIApplicationSupportsIndirectInputEvents = YES;
				INFOPLIST_KEY_UILaunchScreen_Generation = YES;
				INFOPLIST_KEY_UISupportedInterfaceOrientations_iPad = "UIInterfaceOrientationPortrait UIInterfaceOrientationPortraitUpsideDown UIInterfaceOrientationLandscapeLeft UIInterfaceOrientationLandscapeRight";
				INFOPLIST_KEY_UISupportedInterfaceOrientations_iPhone = "UIInterfaceOrientationPortrait UIInterfaceOrientationLandscapeLeft UIInterfaceOrientationLandscapeRight";
				LD_RUNPATH_SEARCH_PATHS = (
					"$(inherited)",
					"@executable_path/Frameworks",
				);
				MARKETING_VERSION = 1.0;
				PRODUCT_BUNDLE_IDENTIFIER = com.aussiebros.HiveV2;
				PRODUCT_NAME = "$(TARGET_NAME)";
				SWIFT_EMIT_LOC_STRINGS = YES;
				SWIFT_VERSION = 5.0;
				TARGETED_DEVICE_FAMILY = "1,2";
			};
			name = Release;
		};
/* End XCBuildConfiguration section */

/* Begin XCConfigurationList section */
		6A94C9272B91E07000851AA7 /* Build configuration list for PBXProject "HiveV2" */ = {
			isa = XCConfigurationList;
			buildConfigurations = (
				6A94C9382B91E07100851AA7 /* Debug */,
				6A94C9392B91E07100851AA7 /* Release */,
			);
			defaultConfigurationIsVisible = 0;
			defaultConfigurationName = Release;
		};
		6A94C93A2B91E07100851AA7 /* Build configuration list for PBXNativeTarget "HiveV2" */ = {
			isa = XCConfigurationList;
			buildConfigurations = (
				6A94C93B2B91E07100851AA7 /* Debug */,
				6A94C93C2B91E07100851AA7 /* Release */,
			);
			defaultConfigurationIsVisible = 0;
			defaultConfigurationName = Release;
		};
/* End XCConfigurationList section */
	};
	rootObject = 6A94C9242B91E07000851AA7 /* Project object */;
}
